
Microsoft Visual Studio Solution File, Format Version 11.00
# Visual Studio 2010
Project("{FAE04EC0-301F-11D3-BF4B-00C04F79EFBC}") = "Assembly-CSharp", "Assembly-CSharp.csproj", "{2363b662-85a8-7277-cb0e-70c13860de59}"
EndProject
Project("{FAE04EC0-301F-11D3-BF4B-00C04F79EFBC}") = "EditorMigrationScripts", "EditorMigrationScripts.csproj", "{16dfbe76-c172-1687-6293-a4c9e50779a0}"
EndProject
Global
	GlobalSection(SolutionConfigurationPlatforms) = preSolution
		Debug|Any CPU = Debug|Any CPU
	EndGlobalSection
	GlobalSection(ProjectConfigurationPlatforms) = postSolution
		{2363b662-85a8-7277-cb0e-70c13860de59}.Debug|Any CPU.ActiveCfg = Debug|Any CPU
		{2363b662-85a8-7277-cb0e-70c13860de59}.Debug|Any CPU.Build.0 = Debug|Any CPU
		{16dfbe76-c172-1687-6293-a4c9e50779a0}.Debug|Any CPU.ActiveCfg = Debug|Any CPU
		{16dfbe76-c172-1687-6293-a4c9e50779a0}.Debug|Any CPU.Build.0 = Debug|Any CPU
	EndGlobalSection
	GlobalSection(SolutionProperties) = preSolution
		HideSolutionNode = FALSE
	EndGlobalSection
EndGlobal
