
Microsoft Visual Studio Solution File, Format Version 12.00
# Visual Studio 15
Project("{FAE04EC0-301F-11D3-BF4B-00C04F79EFBC}") = "Assembly-CSharp", "Assembly-CSharp.csproj", "{62B66323-A885-7772-CB0E-70C13860DE59}"
EndProject
Project("{FAE04EC0-301F-11D3-BF4B-00C04F79EFBC}") = "EditorMigrationScripts", "EditorMigrationScripts.csproj", "{76BEDF16-72C1-8716-6293-A4C9E50779A0}"
EndProject
Global
	GlobalSection(SolutionConfigurationPlatforms) = preSolution
		Debug|Any CPU = Debug|Any CPU
		Release|Any CPU = Release|Any CPU
	EndGlobalSection
	GlobalSection(ProjectConfigurationPlatforms) = postSolution
		{62B66323-A885-7772-CB0E-70C13860DE59}.Debug|Any CPU.ActiveCfg = Debug|Any CPU
		{62B66323-A885-7772-CB0E-70C13860DE59}.Debug|Any CPU.Build.0 = Debug|Any CPU
		{62B66323-A885-7772-CB0E-70C13860DE59}.Release|Any CPU.ActiveCfg = Release|Any CPU
		{62B66323-A885-7772-CB0E-70C13860DE59}.Release|Any CPU.Build.0 = Release|Any CPU
		{76BEDF16-72C1-8716-6293-A4C9E50779A0}.Debug|Any CPU.ActiveCfg = Debug|Any CPU
		{76BEDF16-72C1-8716-6293-A4C9E50779A0}.Debug|Any CPU.Build.0 = Debug|Any CPU
		{76BEDF16-72C1-8716-6293-A4C9E50779A0}.Release|Any CPU.ActiveCfg = Release|Any CPU
		{76BEDF16-72C1-8716-6293-A4C9E50779A0}.Release|Any CPU.Build.0 = Release|Any CPU
	EndGlobalSection
	GlobalSection(SolutionProperties) = preSolution
		HideSolutionNode = FALSE
	EndGlobalSection
EndGlobal
